
Microsoft Visual Studio Solution File, Format Version 12.00
# Visual Studio Version 17
VisualStudioVersion = 17.10.35013.160
MinimumVisualStudioVersion = 10.0.40219.1
Project("{FAE04EC0-301F-11D3-BF4B-00C04F79EFBC}") = "ProjTec-XPInc", "ProjTec-XPInc\ProjTec-XPInc.csproj", "{746DA4E5-6A7D-41D0-9CF0-C4CF32510DF3}"
EndProject
Global
	GlobalSection(SolutionConfigurationPlatforms) = preSolution
		Debug|Any CPU = Debug|Any CPU
		Release|Any CPU = Release|Any CPU
	EndGlobalSection
	GlobalSection(ProjectConfigurationPlatforms) = postSolution
		{746DA4E5-6A7D-41D0-9CF0-C4CF32510DF3}.Debug|Any CPU.ActiveCfg = Debug|Any CPU
		{746DA4E5-6A7D-41D0-9CF0-C4CF32510DF3}.Debug|Any CPU.Build.0 = Debug|Any CPU
		{746DA4E5-6A7D-41D0-9CF0-C4CF32510DF3}.Release|Any CPU.ActiveCfg = Release|Any CPU
		{746DA4E5-6A7D-41D0-9CF0-C4CF32510DF3}.Release|Any CPU.Build.0 = Release|Any CPU
	EndGlobalSection
	GlobalSection(SolutionProperties) = preSolution
		HideSolutionNode = FALSE
	EndGlobalSection
	GlobalSection(ExtensibilityGlobals) = postSolution
		SolutionGuid = {033F01D0-4667-43DE-9B89-9E49987F396A}
	EndGlobalSection
EndGlobal
